// !$*UTF8*$!
{
	archiveVersion = 1;
	classes = {
	};
	objectVersion = 55;
	objects = {

/* Begin PBXBuildFile section */
		2613A6C52938DE3B0047F106 /* AppDelegate.swift in Sources */ = {isa = PBXBuildFile; fileRef = 2613A6C42938DE3B0047F106 /* AppDelegate.swift */; };
		2613A6C72938DE3B0047F106 /* SceneDelegate.swift in Sources */ = {isa = PBXBuildFile; fileRef = 2613A6C62938DE3B0047F106 /* SceneDelegate.swift */; };
		2613A6C92938DE3B0047F106 /* ViewController.swift in Sources */ = {isa = PBXBuildFile; fileRef = 2613A6C82938DE3B0047F106 /* ViewController.swift */; };
		2613A6CC2938DE3B0047F106 /* Main.storyboard in Resources */ = {isa = PBXBuildFile; fileRef = 2613A6CA2938DE3B0047F106 /* Main.storyboard */; };
		2613A6CE2938DE3E0047F106 /* Assets.xcassets in Resources */ = {isa = PBXBuildFile; fileRef = 2613A6CD2938DE3E0047F106 /* Assets.xcassets */; };
		2613A6D12938DE3E0047F106 /* LaunchScreen.storyboard in Resources */ = {isa = PBXBuildFile; fileRef = 2613A6CF2938DE3E0047F106 /* LaunchScreen.storyboard */; };
		2613A6D92938DE4F0047F106 /* Reader.swift in Sources */ = {isa = PBXBuildFile; fileRef = 2613A6D82938DE4F0047F106 /* Reader.swift */; };
		2613A6DC2938EAEC0047F106 /* day1-sample.txt in Resources */ = {isa = PBXBuildFile; fileRef = 2613A6DB2938DEF40047F106 /* day1-sample.txt */; };
		2613A6DF2938EC640047F106 /* Day1.swift in Sources */ = {isa = PBXBuildFile; fileRef = 2613A6DE2938EC640047F106 /* Day1.swift */; };
		2613A6E12938F0150047F106 /* day1.txt in Resources */ = {isa = PBXBuildFile; fileRef = 2613A6E02938F0150047F106 /* day1.txt */; };
		268697742940C76A0024312A /* day7-sample.txt in Resources */ = {isa = PBXBuildFile; fileRef = 268697732940C76A0024312A /* day7-sample.txt */; };
		268697762940C87D0024312A /* Day7.swift in Sources */ = {isa = PBXBuildFile; fileRef = 268697752940C87D0024312A /* Day7.swift */; };
		268CB2FE293E26770092D944 /* day5-sample.txt in Resources */ = {isa = PBXBuildFile; fileRef = 268CB2FD293E26770092D944 /* day5-sample.txt */; };
		268CB300293E269C0092D944 /* Day5.swift in Sources */ = {isa = PBXBuildFile; fileRef = 268CB2FF293E269C0092D944 /* Day5.swift */; };
		268CB302293E60BB0092D944 /* day5.txt in Resources */ = {isa = PBXBuildFile; fileRef = 268CB301293E60BB0092D944 /* day5.txt */; };
		269D4A68293A36A700D2EBB3 /* day2-sample.txt in Resources */ = {isa = PBXBuildFile; fileRef = 269D4A67293A36A700D2EBB3 /* day2-sample.txt */; };
		269D4A6A293A36B400D2EBB3 /* Day2.swift in Sources */ = {isa = PBXBuildFile; fileRef = 269D4A69293A36B400D2EBB3 /* Day2.swift */; };
		269D4A6C293A404500D2EBB3 /* day2.txt in Resources */ = {isa = PBXBuildFile; fileRef = 269D4A6B293A404500D2EBB3 /* day2.txt */; };
		269D4A6F293B9DC200D2EBB3 /* day3-sample.txt in Resources */ = {isa = PBXBuildFile; fileRef = 269D4A6E293B9DC200D2EBB3 /* day3-sample.txt */; };
		269D4A71293B9DF100D2EBB3 /* 2022 + Day3.swift in Sources */ = {isa = PBXBuildFile; fileRef = 269D4A70293B9DF100D2EBB3 /* 2022 + Day3.swift */; };
		269D4A73293BA0BB00D2EBB3 /* CharacterSet.swift in Sources */ = {isa = PBXBuildFile; fileRef = 269D4A72293BA0BB00D2EBB3 /* CharacterSet.swift */; };
		269D4A75293BAAA100D2EBB3 /* day3.txt in Resources */ = {isa = PBXBuildFile; fileRef = 269D4A74293BAAA100D2EBB3 /* day3.txt */; };
		26FB8CD0293D2CE100B8887C /* day4-sample.txt in Resources */ = {isa = PBXBuildFile; fileRef = 26FB8CCF293D2CE100B8887C /* day4-sample.txt */; };
		26FB8CD2293D2CFA00B8887C /* day4.txt in Resources */ = {isa = PBXBuildFile; fileRef = 26FB8CD1293D2CFA00B8887C /* day4.txt */; };
		26FB8CD4293D2D1600B8887C /* Day4.swift in Sources */ = {isa = PBXBuildFile; fileRef = 26FB8CD3293D2D1600B8887C /* Day4.swift */; };
/* End PBXBuildFile section */

/* Begin PBXFileReference section */
		2613A6C12938DE3B0047F106 /* AOC.app */ = {isa = PBXFileReference; explicitFileType = wrapper.application; includeInIndex = 0; path = AOC.app; sourceTree = BUILT_PRODUCTS_DIR; };
		2613A6C42938DE3B0047F106 /* AppDelegate.swift */ = {isa = PBXFileReference; lastKnownFileType = sourcecode.swift; path = AppDelegate.swift; sourceTree = "<group>"; };
		2613A6C62938DE3B0047F106 /* SceneDelegate.swift */ = {isa = PBXFileReference; lastKnownFileType = sourcecode.swift; path = SceneDelegate.swift; sourceTree = "<group>"; };
		2613A6C82938DE3B0047F106 /* ViewController.swift */ = {isa = PBXFileReference; lastKnownFileType = sourcecode.swift; path = ViewController.swift; sourceTree = "<group>"; };
		2613A6CB2938DE3B0047F106 /* Base */ = {isa = PBXFileReference; lastKnownFileType = file.storyboard; name = Base; path = Base.lproj/Main.storyboard; sourceTree = "<group>"; };
		2613A6CD2938DE3E0047F106 /* Assets.xcassets */ = {isa = PBXFileReference; lastKnownFileType = folder.assetcatalog; path = Assets.xcassets; sourceTree = "<group>"; };
		2613A6D02938DE3E0047F106 /* Base */ = {isa = PBXFileReference; lastKnownFileType = file.storyboard; name = Base; path = Base.lproj/LaunchScreen.storyboard; sourceTree = "<group>"; };
		2613A6D22938DE3E0047F106 /* Info.plist */ = {isa = PBXFileReference; lastKnownFileType = text.plist.xml; path = Info.plist; sourceTree = "<group>"; };
		2613A6D82938DE4F0047F106 /* Reader.swift */ = {isa = PBXFileReference; lastKnownFileType = sourcecode.swift; path = Reader.swift; sourceTree = "<group>"; };
		2613A6DB2938DEF40047F106 /* day1-sample.txt */ = {isa = PBXFileReference; lastKnownFileType = text; path = "day1-sample.txt"; sourceTree = "<group>"; };
		2613A6DE2938EC640047F106 /* Day1.swift */ = {isa = PBXFileReference; lastKnownFileType = sourcecode.swift; path = Day1.swift; sourceTree = "<group>"; };
		2613A6E02938F0150047F106 /* day1.txt */ = {isa = PBXFileReference; lastKnownFileType = text; path = day1.txt; sourceTree = "<group>"; };
		268697732940C76A0024312A /* day7-sample.txt */ = {isa = PBXFileReference; lastKnownFileType = text; path = "day7-sample.txt"; sourceTree = "<group>"; };
		268697752940C87D0024312A /* Day7.swift */ = {isa = PBXFileReference; lastKnownFileType = sourcecode.swift; path = Day7.swift; sourceTree = "<group>"; };
		268CB2FD293E26770092D944 /* day5-sample.txt */ = {isa = PBXFileReference; lastKnownFileType = text; path = "day5-sample.txt"; sourceTree = "<group>"; };
		268CB2FF293E269C0092D944 /* Day5.swift */ = {isa = PBXFileReference; lastKnownFileType = sourcecode.swift; path = Day5.swift; sourceTree = "<group>"; };
		268CB301293E60BB0092D944 /* day5.txt */ = {isa = PBXFileReference; lastKnownFileType = text; path = day5.txt; sourceTree = "<group>"; };
		269D4A67293A36A700D2EBB3 /* day2-sample.txt */ = {isa = PBXFileReference; lastKnownFileType = text; path = "day2-sample.txt"; sourceTree = "<group>"; };
		269D4A69293A36B400D2EBB3 /* Day2.swift */ = {isa = PBXFileReference; lastKnownFileType = sourcecode.swift; path = Day2.swift; sourceTree = "<group>"; };
		269D4A6B293A404500D2EBB3 /* day2.txt */ = {isa = PBXFileReference; lastKnownFileType = text; path = day2.txt; sourceTree = "<group>"; };
		269D4A6E293B9DC200D2EBB3 /* day3-sample.txt */ = {isa = PBXFileReference; lastKnownFileType = text; path = "day3-sample.txt"; sourceTree = "<group>"; };
		269D4A70293B9DF100D2EBB3 /* 2022 + Day3.swift */ = {isa = PBXFileReference; lastKnownFileType = sourcecode.swift; path = "2022 + Day3.swift"; sourceTree = "<group>"; };
		269D4A72293BA0BB00D2EBB3 /* CharacterSet.swift */ = {isa = PBXFileReference; lastKnownFileType = sourcecode.swift; path = CharacterSet.swift; sourceTree = "<group>"; };
		269D4A74293BAAA100D2EBB3 /* day3.txt */ = {isa = PBXFileReference; lastKnownFileType = text; path = day3.txt; sourceTree = "<group>"; };
		26FB8CCF293D2CE100B8887C /* day4-sample.txt */ = {isa = PBXFileReference; lastKnownFileType = text; path = "day4-sample.txt"; sourceTree = "<group>"; };
		26FB8CD1293D2CFA00B8887C /* day4.txt */ = {isa = PBXFileReference; lastKnownFileType = text; path = day4.txt; sourceTree = "<group>"; };
		26FB8CD3293D2D1600B8887C /* Day4.swift */ = {isa = PBXFileReference; lastKnownFileType = sourcecode.swift; path = Day4.swift; sourceTree = "<group>"; };
/* End PBXFileReference section */

/* Begin PBXFrameworksBuildPhase section */
		2613A6BE2938DE3B0047F106 /* Frameworks */ = {
			isa = PBXFrameworksBuildPhase;
			buildActionMask = 2147483647;
			files = (
			);
			runOnlyForDeploymentPostprocessing = 0;
		};
/* End PBXFrameworksBuildPhase section */

/* Begin PBXGroup section */
		2613A6B82938DE3B0047F106 = {
			isa = PBXGroup;
			children = (
				2613A6C32938DE3B0047F106 /* AOC */,
				2613A6C22938DE3B0047F106 /* Products */,
			);
			sourceTree = "<group>";
		};
		2613A6C22938DE3B0047F106 /* Products */ = {
			isa = PBXGroup;
			children = (
				2613A6C12938DE3B0047F106 /* AOC.app */,
			);
			name = Products;
			sourceTree = "<group>";
		};
		2613A6C32938DE3B0047F106 /* AOC */ = {
			isa = PBXGroup;
			children = (
				2613A6C82938DE3B0047F106 /* ViewController.swift */,
				2613A6DA2938DED40047F106 /* 2022 */,
				2613A6E32938F03C0047F106 /* Helpers */,
				269D4A652938F3D500D2EBB3 /* Config */,
			);
			path = AOC;
			sourceTree = "<group>";
		};
		2613A6DA2938DED40047F106 /* 2022 */ = {
			isa = PBXGroup;
			children = (
				268697722940C75E0024312A /* Day7 */,
				268CB2FC293E26650092D944 /* Day5 */,
				26FB8CCE293D2CD000B8887C /* Day4 */,
				269D4A6D293B9DB000D2EBB3 /* Day3 */,
				269D4A66293A368F00D2EBB3 /* Day2 */,
				2613A6DD2938EC3F0047F106 /* Day1 */,
			);
			path = 2022;
			sourceTree = "<group>";
		};
		2613A6DD2938EC3F0047F106 /* Day1 */ = {
			isa = PBXGroup;
			children = (
				2613A6DB2938DEF40047F106 /* day1-sample.txt */,
				2613A6E02938F0150047F106 /* day1.txt */,
				2613A6DE2938EC640047F106 /* Day1.swift */,
			);
			path = Day1;
			sourceTree = "<group>";
		};
		2613A6E32938F03C0047F106 /* Helpers */ = {
			isa = PBXGroup;
			children = (
				2613A6D82938DE4F0047F106 /* Reader.swift */,
				269D4A72293BA0BB00D2EBB3 /* CharacterSet.swift */,
			);
			path = Helpers;
			sourceTree = "<group>";
		};
		268697722940C75E0024312A /* Day7 */ = {
			isa = PBXGroup;
			children = (
				268697732940C76A0024312A /* day7-sample.txt */,
				268697752940C87D0024312A /* Day7.swift */,
			);
			path = Day7;
			sourceTree = "<group>";
		};
		268CB2FC293E26650092D944 /* Day5 */ = {
			isa = PBXGroup;
			children = (
				268CB2FD293E26770092D944 /* day5-sample.txt */,
				268CB2FF293E269C0092D944 /* Day5.swift */,
				268CB301293E60BB0092D944 /* day5.txt */,
			);
			path = Day5;
			sourceTree = "<group>";
		};
		269D4A652938F3D500D2EBB3 /* Config */ = {
			isa = PBXGroup;
			children = (
				2613A6D22938DE3E0047F106 /* Info.plist */,
				2613A6C42938DE3B0047F106 /* AppDelegate.swift */,
				2613A6C62938DE3B0047F106 /* SceneDelegate.swift */,
				2613A6CA2938DE3B0047F106 /* Main.storyboard */,
				2613A6CD2938DE3E0047F106 /* Assets.xcassets */,
				2613A6CF2938DE3E0047F106 /* LaunchScreen.storyboard */,
			);
			path = Config;
			sourceTree = "<group>";
		};
		269D4A66293A368F00D2EBB3 /* Day2 */ = {
			isa = PBXGroup;
			children = (
				269D4A67293A36A700D2EBB3 /* day2-sample.txt */,
				269D4A6B293A404500D2EBB3 /* day2.txt */,
				269D4A69293A36B400D2EBB3 /* Day2.swift */,
			);
			path = Day2;
			sourceTree = "<group>";
		};
		269D4A6D293B9DB000D2EBB3 /* Day3 */ = {
			isa = PBXGroup;
			children = (
				269D4A6E293B9DC200D2EBB3 /* day3-sample.txt */,
				269D4A70293B9DF100D2EBB3 /* 2022 + Day3.swift */,
				269D4A74293BAAA100D2EBB3 /* day3.txt */,
			);
			path = Day3;
			sourceTree = "<group>";
		};
		26FB8CCE293D2CD000B8887C /* Day4 */ = {
			isa = PBXGroup;
			children = (
				26FB8CCF293D2CE100B8887C /* day4-sample.txt */,
				26FB8CD1293D2CFA00B8887C /* day4.txt */,
				26FB8CD3293D2D1600B8887C /* Day4.swift */,
			);
			path = Day4;
			sourceTree = "<group>";
		};
/* End PBXGroup section */

/* Begin PBXNativeTarget section */
		2613A6C02938DE3B0047F106 /* AOC */ = {
			isa = PBXNativeTarget;
			buildConfigurationList = 2613A6D52938DE3E0047F106 /* Build configuration list for PBXNativeTarget "AOC" */;
			buildPhases = (
				2613A6BD2938DE3B0047F106 /* Sources */,
				2613A6BE2938DE3B0047F106 /* Frameworks */,
				2613A6BF2938DE3B0047F106 /* Resources */,
			);
			buildRules = (
			);
			dependencies = (
			);
			name = AOC;
			productName = AOC;
			productReference = 2613A6C12938DE3B0047F106 /* AOC.app */;
			productType = "com.apple.product-type.application";
		};
/* End PBXNativeTarget section */

/* Begin PBXProject section */
		2613A6B92938DE3B0047F106 /* Project object */ = {
			isa = PBXProject;
			attributes = {
				BuildIndependentTargetsInParallel = 1;
				LastSwiftUpdateCheck = 1330;
				LastUpgradeCheck = 1330;
				TargetAttributes = {
					2613A6C02938DE3B0047F106 = {
						CreatedOnToolsVersion = 13.3.1;
					};
				};
			};
			buildConfigurationList = 2613A6BC2938DE3B0047F106 /* Build configuration list for PBXProject "AOC" */;
			compatibilityVersion = "Xcode 13.0";
			developmentRegion = en;
			hasScannedForEncodings = 0;
			knownRegions = (
				en,
				Base,
			);
			mainGroup = 2613A6B82938DE3B0047F106;
			productRefGroup = 2613A6C22938DE3B0047F106 /* Products */;
			projectDirPath = "";
			projectRoot = "";
			targets = (
				2613A6C02938DE3B0047F106 /* AOC */,
			);
		};
/* End PBXProject section */

/* Begin PBXResourcesBuildPhase section */
		2613A6BF2938DE3B0047F106 /* Resources */ = {
			isa = PBXResourcesBuildPhase;
			buildActionMask = 2147483647;
			files = (
				2613A6E12938F0150047F106 /* day1.txt in Resources */,
				2613A6D12938DE3E0047F106 /* LaunchScreen.storyboard in Resources */,
				268CB302293E60BB0092D944 /* day5.txt in Resources */,
				269D4A68293A36A700D2EBB3 /* day2-sample.txt in Resources */,
				268CB2FE293E26770092D944 /* day5-sample.txt in Resources */,
				268697742940C76A0024312A /* day7-sample.txt in Resources */,
				2613A6DC2938EAEC0047F106 /* day1-sample.txt in Resources */,
				2613A6CE2938DE3E0047F106 /* Assets.xcassets in Resources */,
				269D4A6F293B9DC200D2EBB3 /* day3-sample.txt in Resources */,
				26FB8CD0293D2CE100B8887C /* day4-sample.txt in Resources */,
				26FB8CD2293D2CFA00B8887C /* day4.txt in Resources */,
				269D4A6C293A404500D2EBB3 /* day2.txt in Resources */,
				269D4A75293BAAA100D2EBB3 /* day3.txt in Resources */,
				2613A6CC2938DE3B0047F106 /* Main.storyboard in Resources */,
			);
			runOnlyForDeploymentPostprocessing = 0;
		};
/* End PBXResourcesBuildPhase section */

/* Begin PBXSourcesBuildPhase section */
		2613A6BD2938DE3B0047F106 /* Sources */ = {
			isa = PBXSourcesBuildPhase;
			buildActionMask = 2147483647;
			files = (
				2613A6C92938DE3B0047F106 /* ViewController.swift in Sources */,
				269D4A71293B9DF100D2EBB3 /* 2022 + Day3.swift in Sources */,
				269D4A6A293A36B400D2EBB3 /* Day2.swift in Sources */,
				2613A6DF2938EC640047F106 /* Day1.swift in Sources */,
				268697762940C87D0024312A /* Day7.swift in Sources */,
				2613A6C52938DE3B0047F106 /* AppDelegate.swift in Sources */,
				2613A6D92938DE4F0047F106 /* Reader.swift in Sources */,
				268CB300293E269C0092D944 /* Day5.swift in Sources */,
				269D4A73293BA0BB00D2EBB3 /* CharacterSet.swift in Sources */,
				26FB8CD4293D2D1600B8887C /* Day4.swift in Sources */,
				2613A6C72938DE3B0047F106 /* SceneDelegate.swift in Sources */,
			);
			runOnlyForDeploymentPostprocessing = 0;
		};
/* End PBXSourcesBuildPhase section */

/* Begin PBXVariantGroup section */
		2613A6CA2938DE3B0047F106 /* Main.storyboard */ = {
			isa = PBXVariantGroup;
			children = (
				2613A6CB2938DE3B0047F106 /* Base */,
			);
			name = Main.storyboard;
			sourceTree = "<group>";
		};
		2613A6CF2938DE3E0047F106 /* LaunchScreen.storyboard */ = {
			isa = PBXVariantGroup;
			children = (
				2613A6D02938DE3E0047F106 /* Base */,
			);
			name = LaunchScreen.storyboard;
			sourceTree = "<group>";
		};
/* End PBXVariantGroup section */

/* Begin XCBuildConfiguration section */
		2613A6D32938DE3E0047F106 /* Debug */ = {
			isa = XCBuildConfiguration;
			buildSettings = {
				ALWAYS_SEARCH_USER_PATHS = NO;
				CLANG_ANALYZER_NONNULL = YES;
				CLANG_ANALYZER_NUMBER_OBJECT_CONVERSION = YES_AGGRESSIVE;
				CLANG_CXX_LANGUAGE_STANDARD = "gnu++17";
				CLANG_ENABLE_MODULES = YES;
				CLANG_ENABLE_OBJC_ARC = YES;
				CLANG_ENABLE_OBJC_WEAK = YES;
				CLANG_WARN_BLOCK_CAPTURE_AUTORELEASING = YES;
				CLANG_WARN_BOOL_CONVERSION = YES;
				CLANG_WARN_COMMA = YES;
				CLANG_WARN_CONSTANT_CONVERSION = YES;
				CLANG_WARN_DEPRECATED_OBJC_IMPLEMENTATIONS = YES;
				CLANG_WARN_DIRECT_OBJC_ISA_USAGE = YES_ERROR;
				CLANG_WARN_DOCUMENTATION_COMMENTS = YES;
				CLANG_WARN_EMPTY_BODY = YES;
				CLANG_WARN_ENUM_CONVERSION = YES;
				CLANG_WARN_INFINITE_RECURSION = YES;
				CLANG_WARN_INT_CONVERSION = YES;
				CLANG_WARN_NON_LITERAL_NULL_CONVERSION = YES;
				CLANG_WARN_OBJC_IMPLICIT_RETAIN_SELF = YES;
				CLANG_WARN_OBJC_LITERAL_CONVERSION = YES;
				CLANG_WARN_OBJC_ROOT_CLASS = YES_ERROR;
				CLANG_WARN_QUOTED_INCLUDE_IN_FRAMEWORK_HEADER = YES;
				CLANG_WARN_RANGE_LOOP_ANALYSIS = YES;
				CLANG_WARN_STRICT_PROTOTYPES = YES;
				CLANG_WARN_SUSPICIOUS_MOVE = YES;
				CLANG_WARN_UNGUARDED_AVAILABILITY = YES_AGGRESSIVE;
				CLANG_WARN_UNREACHABLE_CODE = YES;
				CLANG_WARN__DUPLICATE_METHOD_MATCH = YES;
				COPY_PHASE_STRIP = NO;
				DEBUG_INFORMATION_FORMAT = dwarf;
				ENABLE_STRICT_OBJC_MSGSEND = YES;
				ENABLE_TESTABILITY = YES;
				GCC_C_LANGUAGE_STANDARD = gnu11;
				GCC_DYNAMIC_NO_PIC = NO;
				GCC_NO_COMMON_BLOCKS = YES;
				GCC_OPTIMIZATION_LEVEL = 0;
				GCC_PREPROCESSOR_DEFINITIONS = (
					"DEBUG=1",
					"$(inherited)",
				);
				GCC_WARN_64_TO_32_BIT_CONVERSION = YES;
				GCC_WARN_ABOUT_RETURN_TYPE = YES_ERROR;
				GCC_WARN_UNDECLARED_SELECTOR = YES;
				GCC_WARN_UNINITIALIZED_AUTOS = YES_AGGRESSIVE;
				GCC_WARN_UNUSED_FUNCTION = YES;
				GCC_WARN_UNUSED_VARIABLE = YES;
				IPHONEOS_DEPLOYMENT_TARGET = 15.4;
				MTL_ENABLE_DEBUG_INFO = INCLUDE_SOURCE;
				MTL_FAST_MATH = YES;
				ONLY_ACTIVE_ARCH = YES;
				SDKROOT = iphoneos;
				SWIFT_ACTIVE_COMPILATION_CONDITIONS = DEBUG;
				SWIFT_OPTIMIZATION_LEVEL = "-Onone";
			};
			name = Debug;
		};
		2613A6D42938DE3E0047F106 /* Release */ = {
			isa = XCBuildConfiguration;
			buildSettings = {
				ALWAYS_SEARCH_USER_PATHS = NO;
				CLANG_ANALYZER_NONNULL = YES;
				CLANG_ANALYZER_NUMBER_OBJECT_CONVERSION = YES_AGGRESSIVE;
				CLANG_CXX_LANGUAGE_STANDARD = "gnu++17";
				CLANG_ENABLE_MODULES = YES;
				CLANG_ENABLE_OBJC_ARC = YES;
				CLANG_ENABLE_OBJC_WEAK = YES;
				CLANG_WARN_BLOCK_CAPTURE_AUTORELEASING = YES;
				CLANG_WARN_BOOL_CONVERSION = YES;
				CLANG_WARN_COMMA = YES;
				CLANG_WARN_CONSTANT_CONVERSION = YES;
				CLANG_WARN_DEPRECATED_OBJC_IMPLEMENTATIONS = YES;
				CLANG_WARN_DIRECT_OBJC_ISA_USAGE = YES_ERROR;
				CLANG_WARN_DOCUMENTATION_COMMENTS = YES;
				CLANG_WARN_EMPTY_BODY = YES;
				CLANG_WARN_ENUM_CONVERSION = YES;
				CLANG_WARN_INFINITE_RECURSION = YES;
				CLANG_WARN_INT_CONVERSION = YES;
				CLANG_WARN_NON_LITERAL_NULL_CONVERSION = YES;
				CLANG_WARN_OBJC_IMPLICIT_RETAIN_SELF = YES;
				CLANG_WARN_OBJC_LITERAL_CONVERSION = YES;
				CLANG_WARN_OBJC_ROOT_CLASS = YES_ERROR;
				CLANG_WARN_QUOTED_INCLUDE_IN_FRAMEWORK_HEADER = YES;
				CLANG_WARN_RANGE_LOOP_ANALYSIS = YES;
				CLANG_WARN_STRICT_PROTOTYPES = YES;
				CLANG_WARN_SUSPICIOUS_MOVE = YES;
				CLANG_WARN_UNGUARDED_AVAILABILITY = YES_AGGRESSIVE;
				CLANG_WARN_UNREACHABLE_CODE = YES;
				CLANG_WARN__DUPLICATE_METHOD_MATCH = YES;
				COPY_PHASE_STRIP = NO;
				DEBUG_INFORMATION_FORMAT = "dwarf-with-dsym";
				ENABLE_NS_ASSERTIONS = NO;
				ENABLE_STRICT_OBJC_MSGSEND = YES;
				GCC_C_LANGUAGE_STANDARD = gnu11;
				GCC_NO_COMMON_BLOCKS = YES;
				GCC_WARN_64_TO_32_BIT_CONVERSION = YES;
				GCC_WARN_ABOUT_RETURN_TYPE = YES_ERROR;
				GCC_WARN_UNDECLARED_SELECTOR = YES;
				GCC_WARN_UNINITIALIZED_AUTOS = YES_AGGRESSIVE;
				GCC_WARN_UNUSED_FUNCTION = YES;
				GCC_WARN_UNUSED_VARIABLE = YES;
				IPHONEOS_DEPLOYMENT_TARGET = 15.4;
				MTL_ENABLE_DEBUG_INFO = NO;
				MTL_FAST_MATH = YES;
				SDKROOT = iphoneos;
				SWIFT_COMPILATION_MODE = wholemodule;
				SWIFT_OPTIMIZATION_LEVEL = "-O";
				VALIDATE_PRODUCT = YES;
			};
			name = Release;
		};
		2613A6D62938DE3E0047F106 /* Debug */ = {
			isa = XCBuildConfiguration;
			buildSettings = {
				ASSETCATALOG_COMPILER_APPICON_NAME = AppIcon;
				ASSETCATALOG_COMPILER_GLOBAL_ACCENT_COLOR_NAME = AccentColor;
				CODE_SIGN_STYLE = Automatic;
				CURRENT_PROJECT_VERSION = 1;
				DEVELOPMENT_TEAM = 98X4YPN52C;
				GENERATE_INFOPLIST_FILE = YES;
				INFOPLIST_FILE = AOC/Config/Info.plist;
				INFOPLIST_KEY_UIApplicationSupportsIndirectInputEvents = YES;
				INFOPLIST_KEY_UILaunchStoryboardName = LaunchScreen;
				INFOPLIST_KEY_UIMainStoryboardFile = Main;
				INFOPLIST_KEY_UISupportedInterfaceOrientations_iPad = "UIInterfaceOrientationPortrait UIInterfaceOrientationPortraitUpsideDown UIInterfaceOrientationLandscapeLeft UIInterfaceOrientationLandscapeRight";
				INFOPLIST_KEY_UISupportedInterfaceOrientations_iPhone = "UIInterfaceOrientationPortrait UIInterfaceOrientationLandscapeLeft UIInterfaceOrientationLandscapeRight";
				LD_RUNPATH_SEARCH_PATHS = (
					"$(inherited)",
					"@executable_path/Frameworks",
				);
				MARKETING_VERSION = 1.0;
				PRODUCT_BUNDLE_IDENTIFIER = com.mfaani.AOC;
				PRODUCT_NAME = "$(TARGET_NAME)";
				SWIFT_EMIT_LOC_STRINGS = YES;
				SWIFT_VERSION = 5.0;
				TARGETED_DEVICE_FAMILY = "1,2";
			};
			name = Debug;
		};
		2613A6D72938DE3E0047F106 /* Release */ = {
			isa = XCBuildConfiguration;
			buildSettings = {
				ASSETCATALOG_COMPILER_APPICON_NAME = AppIcon;
				ASSETCATALOG_COMPILER_GLOBAL_ACCENT_COLOR_NAME = AccentColor;
				CODE_SIGN_STYLE = Automatic;
				CURRENT_PROJECT_VERSION = 1;
				DEVELOPMENT_TEAM = 98X4YPN52C;
				GENERATE_INFOPLIST_FILE = YES;
				INFOPLIST_FILE = AOC/Config/Info.plist;
				INFOPLIST_KEY_UIApplicationSupportsIndirectInputEvents = YES;
				INFOPLIST_KEY_UILaunchStoryboardName = LaunchScreen;
				INFOPLIST_KEY_UIMainStoryboardFile = Main;
				INFOPLIST_KEY_UISupportedInterfaceOrientations_iPad = "UIInterfaceOrientationPortrait UIInterfaceOrientationPortraitUpsideDown UIInterfaceOrientationLandscapeLeft UIInterfaceOrientationLandscapeRight";
				INFOPLIST_KEY_UISupportedInterfaceOrientations_iPhone = "UIInterfaceOrientationPortrait UIInterfaceOrientationLandscapeLeft UIInterfaceOrientationLandscapeRight";
				LD_RUNPATH_SEARCH_PATHS = (
					"$(inherited)",
					"@executable_path/Frameworks",
				);
				MARKETING_VERSION = 1.0;
				PRODUCT_BUNDLE_IDENTIFIER = com.mfaani.AOC;
				PRODUCT_NAME = "$(TARGET_NAME)";
				SWIFT_EMIT_LOC_STRINGS = YES;
				SWIFT_VERSION = 5.0;
				TARGETED_DEVICE_FAMILY = "1,2";
			};
			name = Release;
		};
/* End XCBuildConfiguration section */

/* Begin XCConfigurationList section */
		2613A6BC2938DE3B0047F106 /* Build configuration list for PBXProject "AOC" */ = {
			isa = XCConfigurationList;
			buildConfigurations = (
				2613A6D32938DE3E0047F106 /* Debug */,
				2613A6D42938DE3E0047F106 /* Release */,
			);
			defaultConfigurationIsVisible = 0;
			defaultConfigurationName = Release;
		};
		2613A6D52938DE3E0047F106 /* Build configuration list for PBXNativeTarget "AOC" */ = {
			isa = XCConfigurationList;
			buildConfigurations = (
				2613A6D62938DE3E0047F106 /* Debug */,
				2613A6D72938DE3E0047F106 /* Release */,
			);
			defaultConfigurationIsVisible = 0;
			defaultConfigurationName = Release;
		};
/* End XCConfigurationList section */
	};
	rootObject = 2613A6B92938DE3B0047F106 /* Project object */;
}
